
Microsoft Visual Studio Solution File, Format Version 12.00
# Visual Studio Version 17
VisualStudioVersion = 17.11.35219.272
MinimumVisualStudioVersion = 10.0.40219.1
Project("{FAE04EC0-301F-11D3-BF4B-00C04F79EFBC}") = "BarclayPG", "BarclayPG\BarclayPG.csproj", "{72EE2886-22B7-432F-BE0D-AF922BEE972B}"
EndProject
Global
	GlobalSection(SolutionConfigurationPlatforms) = preSolution
		Debug|Any CPU = Debug|Any CPU
		Release|Any CPU = Release|Any CPU
	EndGlobalSection
	GlobalSection(ProjectConfigurationPlatforms) = postSolution
		{72EE2886-22B7-432F-BE0D-AF922BEE972B}.Debug|Any CPU.ActiveCfg = Debug|Any CPU
		{72EE2886-22B7-432F-BE0D-AF922BEE972B}.Debug|Any CPU.Build.0 = Debug|Any CPU
		{72EE2886-22B7-432F-BE0D-AF922BEE972B}.Release|Any CPU.ActiveCfg = Release|Any CPU
		{72EE2886-22B7-432F-BE0D-AF922BEE972B}.Release|Any CPU.Build.0 = Release|Any CPU
	EndGlobalSection
	GlobalSection(SolutionProperties) = preSolution
		HideSolutionNode = FALSE
	EndGlobalSection
	GlobalSection(ExtensibilityGlobals) = postSolution
		SolutionGuid = {B12365CC-647D-420D-AA54-71E227DEE344}
	EndGlobalSection
EndGlobal
